<?xml version="1.0" encoding="UTF-8" standalone="yes" ?>
<CodeBlocks_project_file>
	<FileVersion major="1" minor="6" />
	<Project>
		<Option title="macro_dbg" />
		<Option pch_mode="2" />
		<Option compiler="gcc" />
		<Build>
			<Target title="Release">
				<Option output="$(WORKSPACEDIR)/!out/bin/$(TARGET_NAME)/$(PROJECTNAME)" prefix_auto="0" extension_auto="1" />
				<Option object_output="$(WORKSPACEDIR)/!out/obj/$(TARGET_NAME)/$(PROJECTNAME)" />
				<Option type="1" />
				<Option compiler="gcc" />
				<Compiler>
					<Add option="-g" />
				</Compiler>
			</Target>
		</Build>
		<Compiler>
			<Add option="-Wall" />
		</Compiler>
		<Unit filename="macro_dbg.h" />
		<Unit filename="mainTest.c">
			<Option compilerVar="CC" />
		</Unit>
		<Extensions />
	</Project>
</CodeBlocks_project_file>
